// !$*UTF8*$!
{
	archiveVersion = 1;
	classes = {
	};
	objectVersion = 46;
	objects = {

/* Begin PBXBuildFile section */
		CA0F61541CAF67620047FEE0 /* AppDelegate.swift in Sources */ = {isa = PBXBuildFile; fileRef = CA0F61531CAF67620047FEE0 /* AppDelegate.swift */; };
		CA0F61561CAF67620047FEE0 /* ViewController.swift in Sources */ = {isa = PBXBuildFile; fileRef = CA0F61551CAF67620047FEE0 /* ViewController.swift */; };
		CA0F61591CAF67620047FEE0 /* Main.storyboard in Resources */ = {isa = PBXBuildFile; fileRef = CA0F61571CAF67620047FEE0 /* Main.storyboard */; };
		CA0F615B1CAF67620047FEE0 /* Assets.xcassets in Resources */ = {isa = PBXBuildFile; fileRef = CA0F615A1CAF67620047FEE0 /* Assets.xcassets */; };
		CA0F615E1CAF67620047FEE0 /* LaunchScreen.storyboard in Resources */ = {isa = PBXBuildFile; fileRef = CA0F615C1CAF67620047FEE0 /* LaunchScreen.storyboard */; };
		CA0F61691CB1FC980047FEE0 /* DraggableView.swift in Sources */ = {isa = PBXBuildFile; fileRef = CA0F61681CB1FC980047FEE0 /* DraggableView.swift */; };
/* End PBXBuildFile section */

/* Begin PBXFileReference section */
		CA0F61501CAF67620047FEE0 /* TinderDemo.app */ = {isa = PBXFileReference; explicitFileType = wrapper.application; includeInIndex = 0; path = TinderDemo.app; sourceTree = BUILT_PRODUCTS_DIR; };
		CA0F61531CAF67620047FEE0 /* AppDelegate.swift */ = {isa = PBXFileReference; lastKnownFileType = sourcecode.swift; path = AppDelegate.swift; sourceTree = "<group>"; };
		CA0F61551CAF67620047FEE0 /* ViewController.swift */ = {isa = PBXFileReference; lastKnownFileType = sourcecode.swift; path = ViewController.swift; sourceTree = "<group>"; };
		CA0F61581CAF67620047FEE0 /* Base */ = {isa = PBXFileReference; lastKnownFileType = file.storyboard; name = Base; path = Base.lproj/Main.storyboard; sourceTree = "<group>"; };
		CA0F615A1CAF67620047FEE0 /* Assets.xcassets */ = {isa = PBXFileReference; lastKnownFileType = folder.assetcatalog; path = Assets.xcassets; sourceTree = "<group>"; };
		CA0F615D1CAF67620047FEE0 /* Base */ = {isa = PBXFileReference; lastKnownFileType = file.storyboard; name = Base; path = Base.lproj/LaunchScreen.storyboard; sourceTree = "<group>"; };
		CA0F615F1CAF67620047FEE0 /* Info.plist */ = {isa = PBXFileReference; lastKnownFileType = text.plist.xml; path = Info.plist; sourceTree = "<group>"; };
		CA0F61681CB1FC980047FEE0 /* DraggableView.swift */ = {isa = PBXFileReference; fileEncoding = 4; lastKnownFileType = sourcecode.swift; path = DraggableView.swift; sourceTree = "<group>"; };
/* End PBXFileReference section */

/* Begin PBXFrameworksBuildPhase section */
		CA0F614D1CAF67620047FEE0 /* Frameworks */ = {
			isa = PBXFrameworksBuildPhase;
			buildActionMask = 2147483647;
			files = (
			);
			runOnlyForDeploymentPostprocessing = 0;
		};
/* End PBXFrameworksBuildPhase section */

/* Begin PBXGroup section */
		CA0F61471CAF67620047FEE0 = {
			isa = PBXGroup;
			children = (
				CA0F61521CAF67620047FEE0 /* TinderDemo */,
				CA0F61511CAF67620047FEE0 /* Products */,
			);
			sourceTree = "<group>";
		};
		CA0F61511CAF67620047FEE0 /* Products */ = {
			isa = PBXGroup;
			children = (
				CA0F61501CAF67620047FEE0 /* TinderDemo.app */,
			);
			name = Products;
			sourceTree = "<group>";
		};
		CA0F61521CAF67620047FEE0 /* TinderDemo */ = {
			isa = PBXGroup;
			children = (
				CA0F61671CB1FC7C0047FEE0 /* Views */,
				CA0F61531CAF67620047FEE0 /* AppDelegate.swift */,
				CA0F61551CAF67620047FEE0 /* ViewController.swift */,
				CA0F61571CAF67620047FEE0 /* Main.storyboard */,
				CA0F615A1CAF67620047FEE0 /* Assets.xcassets */,
				CA0F615C1CAF67620047FEE0 /* LaunchScreen.storyboard */,
				CA0F615F1CAF67620047FEE0 /* Info.plist */,
			);
			path = TinderDemo;
			sourceTree = "<group>";
		};
		CA0F61671CB1FC7C0047FEE0 /* Views */ = {
			isa = PBXGroup;
			children = (
				CA0F61681CB1FC980047FEE0 /* DraggableView.swift */,
			);
			name = Views;
			sourceTree = "<group>";
		};
/* End PBXGroup section */

/* Begin PBXNativeTarget section */
		CA0F614F1CAF67620047FEE0 /* TinderDemo */ = {
			isa = PBXNativeTarget;
			buildConfigurationList = CA0F61621CAF67620047FEE0 /* Build configuration list for PBXNativeTarget "TinderDemo" */;
			buildPhases = (
				CA0F614C1CAF67620047FEE0 /* Sources */,
				CA0F614D1CAF67620047FEE0 /* Frameworks */,
				CA0F614E1CAF67620047FEE0 /* Resources */,
			);
			buildRules = (
			);
			dependencies = (
			);
			name = TinderDemo;
			productName = TinderDemo;
			productReference = CA0F61501CAF67620047FEE0 /* TinderDemo.app */;
			productType = "com.apple.product-type.application";
		};
/* End PBXNativeTarget section */

/* Begin PBXProject section */
		CA0F61481CAF67620047FEE0 /* Project object */ = {
			isa = PBXProject;
			attributes = {
				LastSwiftUpdateCheck = 0720;
				LastUpgradeCheck = 0720;
				ORGANIZATIONNAME = prasanthi;
				TargetAttributes = {
					CA0F614F1CAF67620047FEE0 = {
						CreatedOnToolsVersion = 7.2.1;
					};
				};
			};
			buildConfigurationList = CA0F614B1CAF67620047FEE0 /* Build configuration list for PBXProject "TinderDemo" */;
			compatibilityVersion = "Xcode 3.2";
			developmentRegion = English;
			hasScannedForEncodings = 0;
			knownRegions = (
				en,
				Base,
			);
			mainGroup = CA0F61471CAF67620047FEE0;
			productRefGroup = CA0F61511CAF67620047FEE0 /* Products */;
			projectDirPath = "";
			projectRoot = "";
			targets = (
				CA0F614F1CAF67620047FEE0 /* TinderDemo */,
			);
		};
/* End PBXProject section */

/* Begin PBXResourcesBuildPhase section */
		CA0F614E1CAF67620047FEE0 /* Resources */ = {
			isa = PBXResourcesBuildPhase;
			buildActionMask = 2147483647;
			files = (
				CA0F615E1CAF67620047FEE0 /* LaunchScreen.storyboard in Resources */,
				CA0F615B1CAF67620047FEE0 /* Assets.xcassets in Resources */,
				CA0F61591CAF67620047FEE0 /* Main.storyboard in Resources */,
			);
			runOnlyForDeploymentPostprocessing = 0;
		};
/* End PBXResourcesBuildPhase section */

/* Begin PBXSourcesBuildPhase section */
		CA0F614C1CAF67620047FEE0 /* Sources */ = {
			isa = PBXSourcesBuildPhase;
			buildActionMask = 2147483647;
			files = (
				CA0F61691CB1FC980047FEE0 /* DraggableView.swift in Sources */,
				CA0F61561CAF67620047FEE0 /* ViewController.swift in Sources */,
				CA0F61541CAF67620047FEE0 /* AppDelegate.swift in Sources */,
			);
			runOnlyForDeploymentPostprocessing = 0;
		};
/* End PBXSourcesBuildPhase section */

/* Begin PBXVariantGroup section */
		CA0F61571CAF67620047FEE0 /* Main.storyboard */ = {
			isa = PBXVariantGroup;
			children = (
				CA0F61581CAF67620047FEE0 /* Base */,
			);
			name = Main.storyboard;
			sourceTree = "<group>";
		};
		CA0F615C1CAF67620047FEE0 /* LaunchScreen.storyboard */ = {
			isa = PBXVariantGroup;
			children = (
				CA0F615D1CAF67620047FEE0 /* Base */,
			);
			name = LaunchScreen.storyboard;
			sourceTree = "<group>";
		};
/* End PBXVariantGroup section */

/* Begin XCBuildConfiguration section */
		CA0F61601CAF67620047FEE0 /* Debug */ = {
			isa = XCBuildConfiguration;
			buildSettings = {
				ALWAYS_SEARCH_USER_PATHS = NO;
				CLANG_CXX_LANGUAGE_STANDARD = "gnu++0x";
				CLANG_CXX_LIBRARY = "libc++";
				CLANG_ENABLE_MODULES = YES;
				CLANG_ENABLE_OBJC_ARC = YES;
				CLANG_WARN_BOOL_CONVERSION = YES;
				CLANG_WARN_CONSTANT_CONVERSION = YES;
				CLANG_WARN_DIRECT_OBJC_ISA_USAGE = YES_ERROR;
				CLANG_WARN_EMPTY_BODY = YES;
				CLANG_WARN_ENUM_CONVERSION = YES;
				CLANG_WARN_INT_CONVERSION = YES;
				CLANG_WARN_OBJC_ROOT_CLASS = YES_ERROR;
				CLANG_WARN_UNREACHABLE_CODE = YES;
				CLANG_WARN__DUPLICATE_METHOD_MATCH = YES;
				"CODE_SIGN_IDENTITY[sdk=iphoneos*]" = "iPhone Developer";
				COPY_PHASE_STRIP = NO;
				DEBUG_INFORMATION_FORMAT = dwarf;
				ENABLE_STRICT_OBJC_MSGSEND = YES;
				ENABLE_TESTABILITY = YES;
				GCC_C_LANGUAGE_STANDARD = gnu99;
				GCC_DYNAMIC_NO_PIC = NO;
				GCC_NO_COMMON_BLOCKS = YES;
				GCC_OPTIMIZATION_LEVEL = 0;
				GCC_PREPROCESSOR_DEFINITIONS = (
					"DEBUG=1",
					"$(inherited)",
				);
				GCC_WARN_64_TO_32_BIT_CONVERSION = YES;
				GCC_WARN_ABOUT_RETURN_TYPE = YES_ERROR;
				GCC_WARN_UNDECLARED_SELECTOR = YES;
				GCC_WARN_UNINITIALIZED_AUTOS = YES_AGGRESSIVE;
				GCC_WARN_UNUSED_FUNCTION = YES;
				GCC_WARN_UNUSED_VARIABLE = YES;
				IPHONEOS_DEPLOYMENT_TARGET = 9.2;
				MTL_ENABLE_DEBUG_INFO = YES;
				ONLY_ACTIVE_ARCH = YES;
				SDKROOT = iphoneos;
				SWIFT_OPTIMIZATION_LEVEL = "-Onone";
			};
			name = Debug;
		};
		CA0F61611CAF67620047FEE0 /* Release */ = {
			isa = XCBuildConfiguration;
			buildSettings = {
				ALWAYS_SEARCH_USER_PATHS = NO;
				CLANG_CXX_LANGUAGE_STANDARD = "gnu++0x";
				CLANG_CXX_LIBRARY = "libc++";
				CLANG_ENABLE_MODULES = YES;
				CLANG_ENABLE_OBJC_ARC = YES;
				CLANG_WARN_BOOL_CONVERSION = YES;
				CLANG_WARN_CONSTANT_CONVERSION = YES;
				CLANG_WARN_DIRECT_OBJC_ISA_USAGE = YES_ERROR;
				CLANG_WARN_EMPTY_BODY = YES;
				CLANG_WARN_ENUM_CONVERSION = YES;
				CLANG_WARN_INT_CONVERSION = YES;
				CLANG_WARN_OBJC_ROOT_CLASS = YES_ERROR;
				CLANG_WARN_UNREACHABLE_CODE = YES;
				CLANG_WARN__DUPLICATE_METHOD_MATCH = YES;
				"CODE_SIGN_IDENTITY[sdk=iphoneos*]" = "iPhone Developer";
				COPY_PHASE_STRIP = NO;
				DEBUG_INFORMATION_FORMAT = "dwarf-with-dsym";
				ENABLE_NS_ASSERTIONS = NO;
				ENABLE_STRICT_OBJC_MSGSEND = YES;
				GCC_C_LANGUAGE_STANDARD = gnu99;
				GCC_NO_COMMON_BLOCKS = YES;
				GCC_WARN_64_TO_32_BIT_CONVERSION = YES;
				GCC_WARN_ABOUT_RETURN_TYPE = YES_ERROR;
				GCC_WARN_UNDECLARED_SELECTOR = YES;
				GCC_WARN_UNINITIALIZED_AUTOS = YES_AGGRESSIVE;
				GCC_WARN_UNUSED_FUNCTION = YES;
				GCC_WARN_UNUSED_VARIABLE = YES;
				IPHONEOS_DEPLOYMENT_TARGET = 9.2;
				MTL_ENABLE_DEBUG_INFO = NO;
				SDKROOT = iphoneos;
				VALIDATE_PRODUCT = YES;
			};
			name = Release;
		};
		CA0F61631CAF67620047FEE0 /* Debug */ = {
			isa = XCBuildConfiguration;
			buildSettings = {
				ASSETCATALOG_COMPILER_APPICON_NAME = AppIcon;
				INFOPLIST_FILE = TinderDemo/Info.plist;
				LD_RUNPATH_SEARCH_PATHS = "$(inherited) @executable_path/Frameworks";
				PRODUCT_BUNDLE_IDENTIFIER = com.prasanthi.TinderDemo;
				PRODUCT_NAME = "$(TARGET_NAME)";
			};
			name = Debug;
		};
		CA0F61641CAF67620047FEE0 /* Release */ = {
			isa = XCBuildConfiguration;
			buildSettings = {
				ASSETCATALOG_COMPILER_APPICON_NAME = AppIcon;
				INFOPLIST_FILE = TinderDemo/Info.plist;
				LD_RUNPATH_SEARCH_PATHS = "$(inherited) @executable_path/Frameworks";
				PRODUCT_BUNDLE_IDENTIFIER = com.prasanthi.TinderDemo;
				PRODUCT_NAME = "$(TARGET_NAME)";
			};
			name = Release;
		};
/* End XCBuildConfiguration section */

/* Begin XCConfigurationList section */
		CA0F614B1CAF67620047FEE0 /* Build configuration list for PBXProject "TinderDemo" */ = {
			isa = XCConfigurationList;
			buildConfigurations = (
				CA0F61601CAF67620047FEE0 /* Debug */,
				CA0F61611CAF67620047FEE0 /* Release */,
			);
			defaultConfigurationIsVisible = 0;
			defaultConfigurationName = Release;
		};
		CA0F61621CAF67620047FEE0 /* Build configuration list for PBXNativeTarget "TinderDemo" */ = {
			isa = XCConfigurationList;
			buildConfigurations = (
				CA0F61631CAF67620047FEE0 /* Debug */,
				CA0F61641CAF67620047FEE0 /* Release */,
			);
			defaultConfigurationIsVisible = 0;
		};
/* End XCConfigurationList section */
	};
	rootObject = CA0F61481CAF67620047FEE0 /* Project object */;
}
